
Microsoft Visual Studio Solution File, Format Version 12.00
# Visual Studio Version 17
VisualStudioVersion = 17.9.34714.143
MinimumVisualStudioVersion = 10.0.40219.1
Project("{2150E333-8FDC-42A3-9474-1A3956D46DE8}") = "Services", "Services", "{2C9DAB1F-90FE-4EB8-B12F-8D5713FD057B}"
EndProject
Project("{2150E333-8FDC-42A3-9474-1A3956D46DE8}") = "Catalog", "Catalog", "{022985C5-37EE-4F9F-BBAF-05AF28A8F79F}"
EndProject
Project("{9A19103F-16F7-4668-BE54-9A1E7A4F7556}") = "EShopMicroservice.Catalog.Api", "src\Services\Catalog\EShopMicroservice.Catalog.Api\EShopMicroservice.Catalog.Api.csproj", "{3ED62135-1425-4E7C-AC97-B01FD83F7661}"
EndProject
Project("{2150E333-8FDC-42A3-9474-1A3956D46DE8}") = "BuildingBlocks", "BuildingBlocks", "{BFDCBB5F-D17F-4E1B-B73F-565A6677C1AF}"
EndProject
Project("{9A19103F-16F7-4668-BE54-9A1E7A4F7556}") = "BuldingBlocks", "src\BuildingBlocks\BuldingBlocks\BuldingBlocks.csproj", "{8425614A-CA1B-4358-9294-F74E57262103}"
EndProject
Project("{E53339B2-1760-4266-BCC7-CA923CBCF16C}") = "docker-compose", "docker-compose.dcproj", "{B63422C8-4D81-4553-B171-6013744F624C}"
EndProject
Project("{2150E333-8FDC-42A3-9474-1A3956D46DE8}") = "Basket", "Basket", "{DEFED466-7F1F-4566-A05D-DE2E90BF01BE}"
EndProject
Project("{9A19103F-16F7-4668-BE54-9A1E7A4F7556}") = "EShopMicroservice.Basket.Api", "src\Services\Basket\EShopMicroservice.Basket.Api\EShopMicroservice.Basket.Api.csproj", "{1D489006-64FF-40B1-8080-7BC81C1B66A8}"
EndProject
Project("{2150E333-8FDC-42A3-9474-1A3956D46DE8}") = "Discount", "Discount", "{0ABAA4CE-6245-404A-A42B-E7B210FA3A74}"
EndProject
Project("{FAE04EC0-301F-11D3-BF4B-00C04F79EFBC}") = "EShopMicroservice.Discount.Grpc", "src\Services\Discount\EShopMicroservice.Discount.Grpc\EShopMicroservice.Discount.Grpc.csproj", "{2D7339C9-4497-4E69-B12C-4B8495D0F692}"
EndProject
Global
	GlobalSection(SolutionConfigurationPlatforms) = preSolution
		Debug|Any CPU = Debug|Any CPU
		Release|Any CPU = Release|Any CPU
	EndGlobalSection
	GlobalSection(ProjectConfigurationPlatforms) = postSolution
		{3ED62135-1425-4E7C-AC97-B01FD83F7661}.Debug|Any CPU.ActiveCfg = Debug|Any CPU
		{3ED62135-1425-4E7C-AC97-B01FD83F7661}.Debug|Any CPU.Build.0 = Debug|Any CPU
		{3ED62135-1425-4E7C-AC97-B01FD83F7661}.Release|Any CPU.ActiveCfg = Release|Any CPU
		{3ED62135-1425-4E7C-AC97-B01FD83F7661}.Release|Any CPU.Build.0 = Release|Any CPU
		{8425614A-CA1B-4358-9294-F74E57262103}.Debug|Any CPU.ActiveCfg = Debug|Any CPU
		{8425614A-CA1B-4358-9294-F74E57262103}.Debug|Any CPU.Build.0 = Debug|Any CPU
		{8425614A-CA1B-4358-9294-F74E57262103}.Release|Any CPU.ActiveCfg = Release|Any CPU
		{8425614A-CA1B-4358-9294-F74E57262103}.Release|Any CPU.Build.0 = Release|Any CPU
		{B63422C8-4D81-4553-B171-6013744F624C}.Debug|Any CPU.ActiveCfg = Debug|Any CPU
		{B63422C8-4D81-4553-B171-6013744F624C}.Debug|Any CPU.Build.0 = Debug|Any CPU
		{B63422C8-4D81-4553-B171-6013744F624C}.Release|Any CPU.ActiveCfg = Release|Any CPU
		{B63422C8-4D81-4553-B171-6013744F624C}.Release|Any CPU.Build.0 = Release|Any CPU
		{1D489006-64FF-40B1-8080-7BC81C1B66A8}.Debug|Any CPU.ActiveCfg = Debug|Any CPU
		{1D489006-64FF-40B1-8080-7BC81C1B66A8}.Debug|Any CPU.Build.0 = Debug|Any CPU
		{1D489006-64FF-40B1-8080-7BC81C1B66A8}.Release|Any CPU.ActiveCfg = Release|Any CPU
		{1D489006-64FF-40B1-8080-7BC81C1B66A8}.Release|Any CPU.Build.0 = Release|Any CPU
		{2D7339C9-4497-4E69-B12C-4B8495D0F692}.Debug|Any CPU.ActiveCfg = Debug|Any CPU
		{2D7339C9-4497-4E69-B12C-4B8495D0F692}.Debug|Any CPU.Build.0 = Debug|Any CPU
		{2D7339C9-4497-4E69-B12C-4B8495D0F692}.Release|Any CPU.ActiveCfg = Release|Any CPU
		{2D7339C9-4497-4E69-B12C-4B8495D0F692}.Release|Any CPU.Build.0 = Release|Any CPU
	EndGlobalSection
	GlobalSection(SolutionProperties) = preSolution
		HideSolutionNode = FALSE
	EndGlobalSection
	GlobalSection(NestedProjects) = preSolution
		{022985C5-37EE-4F9F-BBAF-05AF28A8F79F} = {2C9DAB1F-90FE-4EB8-B12F-8D5713FD057B}
		{3ED62135-1425-4E7C-AC97-B01FD83F7661} = {022985C5-37EE-4F9F-BBAF-05AF28A8F79F}
		{8425614A-CA1B-4358-9294-F74E57262103} = {BFDCBB5F-D17F-4E1B-B73F-565A6677C1AF}
		{DEFED466-7F1F-4566-A05D-DE2E90BF01BE} = {2C9DAB1F-90FE-4EB8-B12F-8D5713FD057B}
		{1D489006-64FF-40B1-8080-7BC81C1B66A8} = {DEFED466-7F1F-4566-A05D-DE2E90BF01BE}
		{0ABAA4CE-6245-404A-A42B-E7B210FA3A74} = {2C9DAB1F-90FE-4EB8-B12F-8D5713FD057B}
		{2D7339C9-4497-4E69-B12C-4B8495D0F692} = {0ABAA4CE-6245-404A-A42B-E7B210FA3A74}
	EndGlobalSection
	GlobalSection(ExtensibilityGlobals) = postSolution
		SolutionGuid = {211447F5-88C7-4BF3-8376-B2B493848159}
	EndGlobalSection
EndGlobal
