
Microsoft Visual Studio Solution File, Format Version 12.00
# Visual Studio Version 17
VisualStudioVersion = 17.9.34714.143
MinimumVisualStudioVersion = 10.0.40219.1
Project("{2150E333-8FDC-42A3-9474-1A3956D46DE8}") = "src", "src", "{29945A97-2F1A-423E-AF89-AB3FEC4E9618}"
EndProject
Project("{2150E333-8FDC-42A3-9474-1A3956D46DE8}") = "Services", "Services", "{2C9DAB1F-90FE-4EB8-B12F-8D5713FD057B}"
EndProject
Project("{2150E333-8FDC-42A3-9474-1A3956D46DE8}") = "Catalog", "Catalog", "{022985C5-37EE-4F9F-BBAF-05AF28A8F79F}"
EndProject
Project("{FAE04EC0-301F-11D3-BF4B-00C04F79EFBC}") = "EShopMicroservice.Catalog.Api", "src\Services\Catalog\EShopMicroservice.Catalog.Api\EShopMicroservice.Catalog.Api.csproj", "{3ED62135-1425-4E7C-AC97-B01FD83F7661}"
EndProject
Global
	GlobalSection(SolutionConfigurationPlatforms) = preSolution
		Debug|Any CPU = Debug|Any CPU
		Release|Any CPU = Release|Any CPU
	EndGlobalSection
	GlobalSection(ProjectConfigurationPlatforms) = postSolution
		{3ED62135-1425-4E7C-AC97-B01FD83F7661}.Debug|Any CPU.ActiveCfg = Debug|Any CPU
		{3ED62135-1425-4E7C-AC97-B01FD83F7661}.Debug|Any CPU.Build.0 = Debug|Any CPU
		{3ED62135-1425-4E7C-AC97-B01FD83F7661}.Release|Any CPU.ActiveCfg = Release|Any CPU
		{3ED62135-1425-4E7C-AC97-B01FD83F7661}.Release|Any CPU.Build.0 = Release|Any CPU
	EndGlobalSection
	GlobalSection(SolutionProperties) = preSolution
		HideSolutionNode = FALSE
	EndGlobalSection
	GlobalSection(NestedProjects) = preSolution
		{2C9DAB1F-90FE-4EB8-B12F-8D5713FD057B} = {29945A97-2F1A-423E-AF89-AB3FEC4E9618}
		{022985C5-37EE-4F9F-BBAF-05AF28A8F79F} = {2C9DAB1F-90FE-4EB8-B12F-8D5713FD057B}
		{3ED62135-1425-4E7C-AC97-B01FD83F7661} = {022985C5-37EE-4F9F-BBAF-05AF28A8F79F}
	EndGlobalSection
	GlobalSection(ExtensibilityGlobals) = postSolution
		SolutionGuid = {211447F5-88C7-4BF3-8376-B2B493848159}
	EndGlobalSection
EndGlobal
